
Microsoft Visual Studio Solution File, Format Version 12.00
# Visual Studio 15
VisualStudioVersion = 15.0.28010.2046
MinimumVisualStudioVersion = 10.0.40219.1
Project("{2150E333-8FDC-42A3-9474-1A3956D46DE8}") = "masyvai", "masyvai", "{6C67D755-139A-41DE-862A-61445BDECAB3}"
EndProject
Project("{FAE04EC0-301F-11D3-BF4B-00C04F79EFBC}") = "1-1", "..\sy sharp\1-1\1-1.csproj", "{916A7BD6-89CE-4B78-91F3-4DF5EEBC6EE7}"
EndProject
Project("{FAE04EC0-301F-11D3-BF4B-00C04F79EFBC}") = "1-2", "ConsoleApp1-2\1-2.csproj", "{E34082EE-7224-447D-9922-AEE575DBCD44}"
EndProject
Project("{FAE04EC0-301F-11D3-BF4B-00C04F79EFBC}") = "1-3", "1-3\1-3.csproj", "{88BDC50E-68DB-4661-99CA-7693C1B585DA}"
EndProject
Project("{FAE04EC0-301F-11D3-BF4B-00C04F79EFBC}") = "1-4", "1-4\1-4.csproj", "{F2B0ADA0-0209-401E-9670-4C8BCC01A03F}"
EndProject
Project("{FAE04EC0-301F-11D3-BF4B-00C04F79EFBC}") = "1-5", "1-5\1-5.csproj", "{945CA7F6-6896-496F-AB3E-6627DE7F2D17}"
EndProject
Project("{FAE04EC0-301F-11D3-BF4B-00C04F79EFBC}") = "1-6", "1-6\1-6.csproj", "{A96CC167-01A0-4DC6-AA87-6180C22DB587}"
EndProject
Project("{FAE04EC0-301F-11D3-BF4B-00C04F79EFBC}") = "1-7", "1-7\1-7.csproj", "{5BA40B75-ADCB-418E-9C06-F6C61F7758AD}"
EndProject
Project("{FAE04EC0-301F-11D3-BF4B-00C04F79EFBC}") = "1-8", "1-8\1-8.csproj", "{63F71813-29D0-46C0-B239-17CD0BBE0BEA}"
EndProject
Project("{FAE04EC0-301F-11D3-BF4B-00C04F79EFBC}") = "1-9", "1-9\1-9.csproj", "{9F323B5F-1291-4E0C-86C7-6A15C7E74C5B}"
EndProject
Project("{FAE04EC0-301F-11D3-BF4B-00C04F79EFBC}") = "1-10", "1-10\1-10.csproj", "{D156F1D7-9FC4-4B43-A937-4D04BD86F871}"
EndProject
Project("{FAE04EC0-301F-11D3-BF4B-00C04F79EFBC}") = "1-11", "1-11\1-11.csproj", "{4245D38F-55AD-4876-953E-FC88EF08C904}"
EndProject
Project("{2150E333-8FDC-42A3-9474-1A3956D46DE8}") = "sarasai", "sarasai", "{B570187A-6D17-4019-9F16-04B144E57263}"
EndProject
Project("{FAE04EC0-301F-11D3-BF4B-00C04F79EFBC}") = "2-1", "2-1\2-1.csproj", "{000B4067-FD3A-4B09-86D1-AD8771FEC12A}"
EndProject
Project("{FAE04EC0-301F-11D3-BF4B-00C04F79EFBC}") = "2-2", "2-2\2-2.csproj", "{6382A51A-70A1-4580-8BEF-10D8496B15A9}"
EndProject
Project("{FAE04EC0-301F-11D3-BF4B-00C04F79EFBC}") = "2-3", "2-3\2-3.csproj", "{54BDE3AB-B89A-4F3F-B89D-E853320EC424}"
EndProject
Project("{FAE04EC0-301F-11D3-BF4B-00C04F79EFBC}") = "2-4", "2-4\2-4.csproj", "{5525DAB9-AA6C-4201-A65D-E225885ABF98}"
EndProject
Project("{FAE04EC0-301F-11D3-BF4B-00C04F79EFBC}") = "2-5", "2-5\2-5.csproj", "{F93C33AD-2365-4B2D-828C-D5B75D978913}"
EndProject
Project("{FAE04EC0-301F-11D3-BF4B-00C04F79EFBC}") = "2-6", "2-6\2-6.csproj", "{E3C28C0D-F748-4764-8E96-BDE0D63F6756}"
EndProject
Project("{2150E333-8FDC-42A3-9474-1A3956D46DE8}") = "masyvai ar akazkakas", "masyvai ar akazkakas", "{E5CEC271-6551-48D7-A3B5-BFC5BAEA1387}"
EndProject
Project("{FAE04EC0-301F-11D3-BF4B-00C04F79EFBC}") = "3-1", "3-1\3-1.csproj", "{5D575FB5-DB16-4812-B921-BDF9EECED7CD}"
EndProject
Project("{FAE04EC0-301F-11D3-BF4B-00C04F79EFBC}") = "uzduotis", "uzduotis\uzduotis.csproj", "{9ABD5484-7973-4DCA-A808-96779AEA8FCA}"
EndProject
Project("{2150E333-8FDC-42A3-9474-1A3956D46DE8}") = "metodai", "metodai", "{F82A1D85-D008-4291-AD43-36E6B7926E13}"
EndProject
Project("{FAE04EC0-301F-11D3-BF4B-00C04F79EFBC}") = "metodai 01", "metodai 01\metodai 01.csproj", "{100CAAB4-5613-4ABA-A69F-510BF421DDD1}"
EndProject
Project("{FAE04EC0-301F-11D3-BF4B-00C04F79EFBC}") = "metodai02", "metodai02\metodai02.csproj", "{913E83A2-B53B-4C28-A9D8-AEDECC9480CC}"
EndProject
Project("{FAE04EC0-301F-11D3-BF4B-00C04F79EFBC}") = "metodai 03", "metodai 03\metodai 03.csproj", "{2687308D-6C59-4092-822B-6D0BF6DD0FD2}"
EndProject
Project("{FAE04EC0-301F-11D3-BF4B-00C04F79EFBC}") = "metodai 04", "metodai 04\metodai 04.csproj", "{6A00080B-A0F6-4B8C-BC2B-6F3F27477E1D}"
EndProject
Project("{FAE04EC0-301F-11D3-BF4B-00C04F79EFBC}") = "metodai 05", "metodai 05\metodai 05.csproj", "{22520DA6-21CF-4514-A81F-5053AE09248D}"
EndProject
Project("{2150E333-8FDC-42A3-9474-1A3956D46DE8}") = "metodai su argumentais", "metodai su argumentais", "{16321220-D4F7-460D-A100-AFB0FE06B24D}"
EndProject
Project("{FAE04EC0-301F-11D3-BF4B-00C04F79EFBC}") = "su argumentais 01", "su argumetais 01\su argumentais 01.csproj", "{A31CEFB5-BE54-49E2-ABEB-A5923339E649}"
EndProject
Project("{FAE04EC0-301F-11D3-BF4B-00C04F79EFBC}") = "su argumentais 02", "su argumentais 02\su argumentais 02.csproj", "{5AB12120-FFE4-425B-B20C-FEE5A5297241}"
EndProject
Project("{FAE04EC0-301F-11D3-BF4B-00C04F79EFBC}") = "su argumentais 03", "su argumentais 03\su argumentais 03.csproj", "{B8517203-575B-4570-A723-C445E671BCC0}"
EndProject
Project("{FAE04EC0-301F-11D3-BF4B-00C04F79EFBC}") = "su argumentais 04", "su argumentais 04\su argumentais 04.csproj", "{B18A7043-57D4-47C7-9444-01957B4EFD4A}"
EndProject
Project("{2150E333-8FDC-42A3-9474-1A3956D46DE8}") = "metodai su grazinimu", "metodai su grazinimu", "{5699D137-520C-461A-8463-67A4A7A271CD}"
EndProject
Project("{FAE04EC0-301F-11D3-BF4B-00C04F79EFBC}") = "su grazinimu 01", "su grazinimu 01\su grazinimu 01.csproj", "{71F3956E-0240-41EB-9887-D7C37D0FE3F4}"
EndProject
Project("{FAE04EC0-301F-11D3-BF4B-00C04F79EFBC}") = "su grazinimu 02", "su grazinimu 02\su grazinimu 02.csproj", "{E1FEFA7C-4B50-4E04-89B0-4B1EEC4923D2}"
EndProject
Project("{2150E333-8FDC-42A3-9474-1A3956D46DE8}") = "objektinis programavimas", "objektinis programavimas", "{9416F516-B07D-4C5A-A96E-9A3458B7412F}"
EndProject
Project("{FAE04EC0-301F-11D3-BF4B-00C04F79EFBC}") = "objektinis 01", "objektinis 01\objektinis 01.csproj", "{18BF9F5B-6600-4DC2-BDA9-A8DC3AF9A6CA}"
EndProject
Project("{FAE04EC0-301F-11D3-BF4B-00C04F79EFBC}") = "objektinis 03", "objektinis 03\objektinis 03.csproj", "{9001D1EB-CE34-4723-AF05-DF83AA0E0968}"
EndProject
Global
	GlobalSection(SolutionConfigurationPlatforms) = preSolution
		Debug|Any CPU = Debug|Any CPU
		Release|Any CPU = Release|Any CPU
	EndGlobalSection
	GlobalSection(ProjectConfigurationPlatforms) = postSolution
		{916A7BD6-89CE-4B78-91F3-4DF5EEBC6EE7}.Debug|Any CPU.ActiveCfg = Debug|Any CPU
		{916A7BD6-89CE-4B78-91F3-4DF5EEBC6EE7}.Debug|Any CPU.Build.0 = Debug|Any CPU
		{916A7BD6-89CE-4B78-91F3-4DF5EEBC6EE7}.Release|Any CPU.ActiveCfg = Release|Any CPU
		{916A7BD6-89CE-4B78-91F3-4DF5EEBC6EE7}.Release|Any CPU.Build.0 = Release|Any CPU
		{E34082EE-7224-447D-9922-AEE575DBCD44}.Debug|Any CPU.ActiveCfg = Debug|Any CPU
		{E34082EE-7224-447D-9922-AEE575DBCD44}.Debug|Any CPU.Build.0 = Debug|Any CPU
		{E34082EE-7224-447D-9922-AEE575DBCD44}.Release|Any CPU.ActiveCfg = Release|Any CPU
		{E34082EE-7224-447D-9922-AEE575DBCD44}.Release|Any CPU.Build.0 = Release|Any CPU
		{88BDC50E-68DB-4661-99CA-7693C1B585DA}.Debug|Any CPU.ActiveCfg = Debug|Any CPU
		{88BDC50E-68DB-4661-99CA-7693C1B585DA}.Debug|Any CPU.Build.0 = Debug|Any CPU
		{88BDC50E-68DB-4661-99CA-7693C1B585DA}.Release|Any CPU.ActiveCfg = Release|Any CPU
		{88BDC50E-68DB-4661-99CA-7693C1B585DA}.Release|Any CPU.Build.0 = Release|Any CPU
		{F2B0ADA0-0209-401E-9670-4C8BCC01A03F}.Debug|Any CPU.ActiveCfg = Debug|Any CPU
		{F2B0ADA0-0209-401E-9670-4C8BCC01A03F}.Debug|Any CPU.Build.0 = Debug|Any CPU
		{F2B0ADA0-0209-401E-9670-4C8BCC01A03F}.Release|Any CPU.ActiveCfg = Release|Any CPU
		{F2B0ADA0-0209-401E-9670-4C8BCC01A03F}.Release|Any CPU.Build.0 = Release|Any CPU
		{945CA7F6-6896-496F-AB3E-6627DE7F2D17}.Debug|Any CPU.ActiveCfg = Debug|Any CPU
		{945CA7F6-6896-496F-AB3E-6627DE7F2D17}.Debug|Any CPU.Build.0 = Debug|Any CPU
		{945CA7F6-6896-496F-AB3E-6627DE7F2D17}.Release|Any CPU.ActiveCfg = Release|Any CPU
		{945CA7F6-6896-496F-AB3E-6627DE7F2D17}.Release|Any CPU.Build.0 = Release|Any CPU
		{A96CC167-01A0-4DC6-AA87-6180C22DB587}.Debug|Any CPU.ActiveCfg = Debug|Any CPU
		{A96CC167-01A0-4DC6-AA87-6180C22DB587}.Debug|Any CPU.Build.0 = Debug|Any CPU
		{A96CC167-01A0-4DC6-AA87-6180C22DB587}.Release|Any CPU.ActiveCfg = Release|Any CPU
		{A96CC167-01A0-4DC6-AA87-6180C22DB587}.Release|Any CPU.Build.0 = Release|Any CPU
		{5BA40B75-ADCB-418E-9C06-F6C61F7758AD}.Debug|Any CPU.ActiveCfg = Debug|Any CPU
		{5BA40B75-ADCB-418E-9C06-F6C61F7758AD}.Debug|Any CPU.Build.0 = Debug|Any CPU
		{5BA40B75-ADCB-418E-9C06-F6C61F7758AD}.Release|Any CPU.ActiveCfg = Release|Any CPU
		{5BA40B75-ADCB-418E-9C06-F6C61F7758AD}.Release|Any CPU.Build.0 = Release|Any CPU
		{63F71813-29D0-46C0-B239-17CD0BBE0BEA}.Debug|Any CPU.ActiveCfg = Debug|Any CPU
		{63F71813-29D0-46C0-B239-17CD0BBE0BEA}.Debug|Any CPU.Build.0 = Debug|Any CPU
		{63F71813-29D0-46C0-B239-17CD0BBE0BEA}.Release|Any CPU.ActiveCfg = Release|Any CPU
		{63F71813-29D0-46C0-B239-17CD0BBE0BEA}.Release|Any CPU.Build.0 = Release|Any CPU
		{9F323B5F-1291-4E0C-86C7-6A15C7E74C5B}.Debug|Any CPU.ActiveCfg = Debug|Any CPU
		{9F323B5F-1291-4E0C-86C7-6A15C7E74C5B}.Debug|Any CPU.Build.0 = Debug|Any CPU
		{9F323B5F-1291-4E0C-86C7-6A15C7E74C5B}.Release|Any CPU.ActiveCfg = Release|Any CPU
		{9F323B5F-1291-4E0C-86C7-6A15C7E74C5B}.Release|Any CPU.Build.0 = Release|Any CPU
		{D156F1D7-9FC4-4B43-A937-4D04BD86F871}.Debug|Any CPU.ActiveCfg = Debug|Any CPU
		{D156F1D7-9FC4-4B43-A937-4D04BD86F871}.Debug|Any CPU.Build.0 = Debug|Any CPU
		{D156F1D7-9FC4-4B43-A937-4D04BD86F871}.Release|Any CPU.ActiveCfg = Release|Any CPU
		{D156F1D7-9FC4-4B43-A937-4D04BD86F871}.Release|Any CPU.Build.0 = Release|Any CPU
		{4245D38F-55AD-4876-953E-FC88EF08C904}.Debug|Any CPU.ActiveCfg = Debug|Any CPU
		{4245D38F-55AD-4876-953E-FC88EF08C904}.Debug|Any CPU.Build.0 = Debug|Any CPU
		{4245D38F-55AD-4876-953E-FC88EF08C904}.Release|Any CPU.ActiveCfg = Release|Any CPU
		{4245D38F-55AD-4876-953E-FC88EF08C904}.Release|Any CPU.Build.0 = Release|Any CPU
		{000B4067-FD3A-4B09-86D1-AD8771FEC12A}.Debug|Any CPU.ActiveCfg = Debug|Any CPU
		{000B4067-FD3A-4B09-86D1-AD8771FEC12A}.Debug|Any CPU.Build.0 = Debug|Any CPU
		{000B4067-FD3A-4B09-86D1-AD8771FEC12A}.Release|Any CPU.ActiveCfg = Release|Any CPU
		{000B4067-FD3A-4B09-86D1-AD8771FEC12A}.Release|Any CPU.Build.0 = Release|Any CPU
		{6382A51A-70A1-4580-8BEF-10D8496B15A9}.Debug|Any CPU.ActiveCfg = Debug|Any CPU
		{6382A51A-70A1-4580-8BEF-10D8496B15A9}.Debug|Any CPU.Build.0 = Debug|Any CPU
		{6382A51A-70A1-4580-8BEF-10D8496B15A9}.Release|Any CPU.ActiveCfg = Release|Any CPU
		{6382A51A-70A1-4580-8BEF-10D8496B15A9}.Release|Any CPU.Build.0 = Release|Any CPU
		{54BDE3AB-B89A-4F3F-B89D-E853320EC424}.Debug|Any CPU.ActiveCfg = Debug|Any CPU
		{54BDE3AB-B89A-4F3F-B89D-E853320EC424}.Debug|Any CPU.Build.0 = Debug|Any CPU
		{54BDE3AB-B89A-4F3F-B89D-E853320EC424}.Release|Any CPU.ActiveCfg = Release|Any CPU
		{54BDE3AB-B89A-4F3F-B89D-E853320EC424}.Release|Any CPU.Build.0 = Release|Any CPU
		{5525DAB9-AA6C-4201-A65D-E225885ABF98}.Debug|Any CPU.ActiveCfg = Debug|Any CPU
		{5525DAB9-AA6C-4201-A65D-E225885ABF98}.Debug|Any CPU.Build.0 = Debug|Any CPU
		{5525DAB9-AA6C-4201-A65D-E225885ABF98}.Release|Any CPU.ActiveCfg = Release|Any CPU
		{5525DAB9-AA6C-4201-A65D-E225885ABF98}.Release|Any CPU.Build.0 = Release|Any CPU
		{F93C33AD-2365-4B2D-828C-D5B75D978913}.Debug|Any CPU.ActiveCfg = Debug|Any CPU
		{F93C33AD-2365-4B2D-828C-D5B75D978913}.Debug|Any CPU.Build.0 = Debug|Any CPU
		{F93C33AD-2365-4B2D-828C-D5B75D978913}.Release|Any CPU.ActiveCfg = Release|Any CPU
		{F93C33AD-2365-4B2D-828C-D5B75D978913}.Release|Any CPU.Build.0 = Release|Any CPU
		{E3C28C0D-F748-4764-8E96-BDE0D63F6756}.Debug|Any CPU.ActiveCfg = Debug|Any CPU
		{E3C28C0D-F748-4764-8E96-BDE0D63F6756}.Debug|Any CPU.Build.0 = Debug|Any CPU
		{E3C28C0D-F748-4764-8E96-BDE0D63F6756}.Release|Any CPU.ActiveCfg = Release|Any CPU
		{E3C28C0D-F748-4764-8E96-BDE0D63F6756}.Release|Any CPU.Build.0 = Release|Any CPU
		{5D575FB5-DB16-4812-B921-BDF9EECED7CD}.Debug|Any CPU.ActiveCfg = Debug|Any CPU
		{5D575FB5-DB16-4812-B921-BDF9EECED7CD}.Debug|Any CPU.Build.0 = Debug|Any CPU
		{5D575FB5-DB16-4812-B921-BDF9EECED7CD}.Release|Any CPU.ActiveCfg = Release|Any CPU
		{5D575FB5-DB16-4812-B921-BDF9EECED7CD}.Release|Any CPU.Build.0 = Release|Any CPU
		{9ABD5484-7973-4DCA-A808-96779AEA8FCA}.Debug|Any CPU.ActiveCfg = Debug|Any CPU
		{9ABD5484-7973-4DCA-A808-96779AEA8FCA}.Debug|Any CPU.Build.0 = Debug|Any CPU
		{9ABD5484-7973-4DCA-A808-96779AEA8FCA}.Release|Any CPU.ActiveCfg = Release|Any CPU
		{9ABD5484-7973-4DCA-A808-96779AEA8FCA}.Release|Any CPU.Build.0 = Release|Any CPU
		{100CAAB4-5613-4ABA-A69F-510BF421DDD1}.Debug|Any CPU.ActiveCfg = Debug|Any CPU
		{100CAAB4-5613-4ABA-A69F-510BF421DDD1}.Debug|Any CPU.Build.0 = Debug|Any CPU
		{100CAAB4-5613-4ABA-A69F-510BF421DDD1}.Release|Any CPU.ActiveCfg = Release|Any CPU
		{100CAAB4-5613-4ABA-A69F-510BF421DDD1}.Release|Any CPU.Build.0 = Release|Any CPU
		{913E83A2-B53B-4C28-A9D8-AEDECC9480CC}.Debug|Any CPU.ActiveCfg = Debug|Any CPU
		{913E83A2-B53B-4C28-A9D8-AEDECC9480CC}.Debug|Any CPU.Build.0 = Debug|Any CPU
		{913E83A2-B53B-4C28-A9D8-AEDECC9480CC}.Release|Any CPU.ActiveCfg = Release|Any CPU
		{913E83A2-B53B-4C28-A9D8-AEDECC9480CC}.Release|Any CPU.Build.0 = Release|Any CPU
		{2687308D-6C59-4092-822B-6D0BF6DD0FD2}.Debug|Any CPU.ActiveCfg = Debug|Any CPU
		{2687308D-6C59-4092-822B-6D0BF6DD0FD2}.Debug|Any CPU.Build.0 = Debug|Any CPU
		{2687308D-6C59-4092-822B-6D0BF6DD0FD2}.Release|Any CPU.ActiveCfg = Release|Any CPU
		{2687308D-6C59-4092-822B-6D0BF6DD0FD2}.Release|Any CPU.Build.0 = Release|Any CPU
		{6A00080B-A0F6-4B8C-BC2B-6F3F27477E1D}.Debug|Any CPU.ActiveCfg = Debug|Any CPU
		{6A00080B-A0F6-4B8C-BC2B-6F3F27477E1D}.Debug|Any CPU.Build.0 = Debug|Any CPU
		{6A00080B-A0F6-4B8C-BC2B-6F3F27477E1D}.Release|Any CPU.ActiveCfg = Release|Any CPU
		{6A00080B-A0F6-4B8C-BC2B-6F3F27477E1D}.Release|Any CPU.Build.0 = Release|Any CPU
		{22520DA6-21CF-4514-A81F-5053AE09248D}.Debug|Any CPU.ActiveCfg = Debug|Any CPU
		{22520DA6-21CF-4514-A81F-5053AE09248D}.Debug|Any CPU.Build.0 = Debug|Any CPU
		{22520DA6-21CF-4514-A81F-5053AE09248D}.Release|Any CPU.ActiveCfg = Release|Any CPU
		{22520DA6-21CF-4514-A81F-5053AE09248D}.Release|Any CPU.Build.0 = Release|Any CPU
		{A31CEFB5-BE54-49E2-ABEB-A5923339E649}.Debug|Any CPU.ActiveCfg = Debug|Any CPU
		{A31CEFB5-BE54-49E2-ABEB-A5923339E649}.Debug|Any CPU.Build.0 = Debug|Any CPU
		{A31CEFB5-BE54-49E2-ABEB-A5923339E649}.Release|Any CPU.ActiveCfg = Release|Any CPU
		{A31CEFB5-BE54-49E2-ABEB-A5923339E649}.Release|Any CPU.Build.0 = Release|Any CPU
		{5AB12120-FFE4-425B-B20C-FEE5A5297241}.Debug|Any CPU.ActiveCfg = Debug|Any CPU
		{5AB12120-FFE4-425B-B20C-FEE5A5297241}.Debug|Any CPU.Build.0 = Debug|Any CPU
		{5AB12120-FFE4-425B-B20C-FEE5A5297241}.Release|Any CPU.ActiveCfg = Release|Any CPU
		{5AB12120-FFE4-425B-B20C-FEE5A5297241}.Release|Any CPU.Build.0 = Release|Any CPU
		{B8517203-575B-4570-A723-C445E671BCC0}.Debug|Any CPU.ActiveCfg = Debug|Any CPU
		{B8517203-575B-4570-A723-C445E671BCC0}.Debug|Any CPU.Build.0 = Debug|Any CPU
		{B8517203-575B-4570-A723-C445E671BCC0}.Release|Any CPU.ActiveCfg = Release|Any CPU
		{B8517203-575B-4570-A723-C445E671BCC0}.Release|Any CPU.Build.0 = Release|Any CPU
		{B18A7043-57D4-47C7-9444-01957B4EFD4A}.Debug|Any CPU.ActiveCfg = Debug|Any CPU
		{B18A7043-57D4-47C7-9444-01957B4EFD4A}.Debug|Any CPU.Build.0 = Debug|Any CPU
		{B18A7043-57D4-47C7-9444-01957B4EFD4A}.Release|Any CPU.ActiveCfg = Release|Any CPU
		{B18A7043-57D4-47C7-9444-01957B4EFD4A}.Release|Any CPU.Build.0 = Release|Any CPU
		{71F3956E-0240-41EB-9887-D7C37D0FE3F4}.Debug|Any CPU.ActiveCfg = Debug|Any CPU
		{71F3956E-0240-41EB-9887-D7C37D0FE3F4}.Debug|Any CPU.Build.0 = Debug|Any CPU
		{71F3956E-0240-41EB-9887-D7C37D0FE3F4}.Release|Any CPU.ActiveCfg = Release|Any CPU
		{71F3956E-0240-41EB-9887-D7C37D0FE3F4}.Release|Any CPU.Build.0 = Release|Any CPU
		{E1FEFA7C-4B50-4E04-89B0-4B1EEC4923D2}.Debug|Any CPU.ActiveCfg = Debug|Any CPU
		{E1FEFA7C-4B50-4E04-89B0-4B1EEC4923D2}.Debug|Any CPU.Build.0 = Debug|Any CPU
		{E1FEFA7C-4B50-4E04-89B0-4B1EEC4923D2}.Release|Any CPU.ActiveCfg = Release|Any CPU
		{E1FEFA7C-4B50-4E04-89B0-4B1EEC4923D2}.Release|Any CPU.Build.0 = Release|Any CPU
		{18BF9F5B-6600-4DC2-BDA9-A8DC3AF9A6CA}.Debug|Any CPU.ActiveCfg = Debug|Any CPU
		{18BF9F5B-6600-4DC2-BDA9-A8DC3AF9A6CA}.Debug|Any CPU.Build.0 = Debug|Any CPU
		{18BF9F5B-6600-4DC2-BDA9-A8DC3AF9A6CA}.Release|Any CPU.ActiveCfg = Release|Any CPU
		{18BF9F5B-6600-4DC2-BDA9-A8DC3AF9A6CA}.Release|Any CPU.Build.0 = Release|Any CPU
		{9001D1EB-CE34-4723-AF05-DF83AA0E0968}.Debug|Any CPU.ActiveCfg = Debug|Any CPU
		{9001D1EB-CE34-4723-AF05-DF83AA0E0968}.Debug|Any CPU.Build.0 = Debug|Any CPU
		{9001D1EB-CE34-4723-AF05-DF83AA0E0968}.Release|Any CPU.ActiveCfg = Release|Any CPU
		{9001D1EB-CE34-4723-AF05-DF83AA0E0968}.Release|Any CPU.Build.0 = Release|Any CPU
	EndGlobalSection
	GlobalSection(SolutionProperties) = preSolution
		HideSolutionNode = FALSE
	EndGlobalSection
	GlobalSection(NestedProjects) = preSolution
		{916A7BD6-89CE-4B78-91F3-4DF5EEBC6EE7} = {6C67D755-139A-41DE-862A-61445BDECAB3}
		{E34082EE-7224-447D-9922-AEE575DBCD44} = {6C67D755-139A-41DE-862A-61445BDECAB3}
		{88BDC50E-68DB-4661-99CA-7693C1B585DA} = {6C67D755-139A-41DE-862A-61445BDECAB3}
		{F2B0ADA0-0209-401E-9670-4C8BCC01A03F} = {6C67D755-139A-41DE-862A-61445BDECAB3}
		{945CA7F6-6896-496F-AB3E-6627DE7F2D17} = {6C67D755-139A-41DE-862A-61445BDECAB3}
		{A96CC167-01A0-4DC6-AA87-6180C22DB587} = {6C67D755-139A-41DE-862A-61445BDECAB3}
		{5BA40B75-ADCB-418E-9C06-F6C61F7758AD} = {6C67D755-139A-41DE-862A-61445BDECAB3}
		{63F71813-29D0-46C0-B239-17CD0BBE0BEA} = {6C67D755-139A-41DE-862A-61445BDECAB3}
		{9F323B5F-1291-4E0C-86C7-6A15C7E74C5B} = {6C67D755-139A-41DE-862A-61445BDECAB3}
		{D156F1D7-9FC4-4B43-A937-4D04BD86F871} = {6C67D755-139A-41DE-862A-61445BDECAB3}
		{4245D38F-55AD-4876-953E-FC88EF08C904} = {6C67D755-139A-41DE-862A-61445BDECAB3}
		{000B4067-FD3A-4B09-86D1-AD8771FEC12A} = {B570187A-6D17-4019-9F16-04B144E57263}
		{6382A51A-70A1-4580-8BEF-10D8496B15A9} = {B570187A-6D17-4019-9F16-04B144E57263}
		{54BDE3AB-B89A-4F3F-B89D-E853320EC424} = {B570187A-6D17-4019-9F16-04B144E57263}
		{5525DAB9-AA6C-4201-A65D-E225885ABF98} = {B570187A-6D17-4019-9F16-04B144E57263}
		{F93C33AD-2365-4B2D-828C-D5B75D978913} = {B570187A-6D17-4019-9F16-04B144E57263}
		{E3C28C0D-F748-4764-8E96-BDE0D63F6756} = {B570187A-6D17-4019-9F16-04B144E57263}
		{5D575FB5-DB16-4812-B921-BDF9EECED7CD} = {E5CEC271-6551-48D7-A3B5-BFC5BAEA1387}
		{9ABD5484-7973-4DCA-A808-96779AEA8FCA} = {6C67D755-139A-41DE-862A-61445BDECAB3}
		{100CAAB4-5613-4ABA-A69F-510BF421DDD1} = {F82A1D85-D008-4291-AD43-36E6B7926E13}
		{913E83A2-B53B-4C28-A9D8-AEDECC9480CC} = {F82A1D85-D008-4291-AD43-36E6B7926E13}
		{2687308D-6C59-4092-822B-6D0BF6DD0FD2} = {F82A1D85-D008-4291-AD43-36E6B7926E13}
		{6A00080B-A0F6-4B8C-BC2B-6F3F27477E1D} = {F82A1D85-D008-4291-AD43-36E6B7926E13}
		{22520DA6-21CF-4514-A81F-5053AE09248D} = {F82A1D85-D008-4291-AD43-36E6B7926E13}
		{A31CEFB5-BE54-49E2-ABEB-A5923339E649} = {16321220-D4F7-460D-A100-AFB0FE06B24D}
		{5AB12120-FFE4-425B-B20C-FEE5A5297241} = {16321220-D4F7-460D-A100-AFB0FE06B24D}
		{B8517203-575B-4570-A723-C445E671BCC0} = {16321220-D4F7-460D-A100-AFB0FE06B24D}
		{B18A7043-57D4-47C7-9444-01957B4EFD4A} = {16321220-D4F7-460D-A100-AFB0FE06B24D}
		{71F3956E-0240-41EB-9887-D7C37D0FE3F4} = {5699D137-520C-461A-8463-67A4A7A271CD}
		{E1FEFA7C-4B50-4E04-89B0-4B1EEC4923D2} = {5699D137-520C-461A-8463-67A4A7A271CD}
		{18BF9F5B-6600-4DC2-BDA9-A8DC3AF9A6CA} = {9416F516-B07D-4C5A-A96E-9A3458B7412F}
		{9001D1EB-CE34-4723-AF05-DF83AA0E0968} = {9416F516-B07D-4C5A-A96E-9A3458B7412F}
	EndGlobalSection
	GlobalSection(ExtensibilityGlobals) = postSolution
		SolutionGuid = {F1704CB9-6289-4445-84CA-84C878334A42}
	EndGlobalSection
EndGlobal
